
Microsoft Visual Studio Solution File, Format Version 12.00
# Visual Studio 15
VisualStudioVersion = 15.0.27703.2026
MinimumVisualStudioVersion = 10.0.40219.1
Project("{9A19103F-16F7-4668-BE54-9A1E7A4F7556}") = "aggregator-shared", "aggregator-shared\aggregator-shared.csproj", "{B024DF56-E474-4A1A-BEA9-03A87F6D00F3}"
EndProject
Project("{9A19103F-16F7-4668-BE54-9A1E7A4F7556}") = "aggregator-ruleng", "aggregator-ruleng\aggregator-ruleng.csproj", "{87B7E8EE-7C3B-450A-A319-18E2BA7D35D4}"
EndProject
Project("{9A19103F-16F7-4668-BE54-9A1E7A4F7556}") = "aggregator-cli", "aggregator-cli\aggregator-cli.csproj", "{FFB65D93-8193-4DA7-820B-3CD4D1872ABA}"
EndProject
Project("{9A19103F-16F7-4668-BE54-9A1E7A4F7556}") = "unittests-core", "unittests-core\unittests-core.csproj", "{4D4361EC-F361-4E63-8CAF-6913EF42ED6D}"
EndProject
Project("{9A19103F-16F7-4668-BE54-9A1E7A4F7556}") = "unittests-cli", "unittests-cli\unittests-cli.csproj", "{2DFEB5D5-A70E-4C43-B180-586FAA52E2DD}"
EndProject
Project("{9A19103F-16F7-4668-BE54-9A1E7A4F7556}") = "aggregator-function", "aggregator-function\aggregator-function.csproj", "{6ADD44D3-3B38-4D2F-BBFF-242E5F2E787C}"
EndProject
Project("{2150E333-8FDC-42A3-9474-1A3956D46DE8}") = "docs", "docs", "{1A84F5C1-ADA4-4DD1-A0D9-03635DF9FC56}"
	ProjectSection(SolutionItems) = preProject
		..\doc\command-examples.md = ..\doc\command-examples.md
		..\doc\contributor-on-rg.png = ..\doc\contributor-on-rg.png
		..\doc\log-streaming-from-azure-portal.png = ..\doc\log-streaming-from-azure-portal.png
		..\README.md = ..\README.md
		..\doc\rule-examples.md = ..\doc\rule-examples.md
		..\doc\rule-language.md = ..\doc\rule-language.md
		..\doc\test-matrix.md = ..\doc\test-matrix.md
	EndProjectSection
EndProject
Project("{9A19103F-16F7-4668-BE54-9A1E7A4F7556}") = "unittests-ruleng", "unittests-ruleng\unittests-ruleng.csproj", "{19AE3176-D15F-4A2B-AB49-1B9DE6EA3EE4}"
EndProject
Global
	GlobalSection(SolutionConfigurationPlatforms) = preSolution
		Debug|Any CPU = Debug|Any CPU
		Release|Any CPU = Release|Any CPU
	EndGlobalSection
	GlobalSection(ProjectConfigurationPlatforms) = postSolution
		{B024DF56-E474-4A1A-BEA9-03A87F6D00F3}.Debug|Any CPU.ActiveCfg = Debug|Any CPU
		{B024DF56-E474-4A1A-BEA9-03A87F6D00F3}.Debug|Any CPU.Build.0 = Debug|Any CPU
		{B024DF56-E474-4A1A-BEA9-03A87F6D00F3}.Release|Any CPU.ActiveCfg = Release|Any CPU
		{B024DF56-E474-4A1A-BEA9-03A87F6D00F3}.Release|Any CPU.Build.0 = Release|Any CPU
		{87B7E8EE-7C3B-450A-A319-18E2BA7D35D4}.Debug|Any CPU.ActiveCfg = Debug|Any CPU
		{87B7E8EE-7C3B-450A-A319-18E2BA7D35D4}.Debug|Any CPU.Build.0 = Debug|Any CPU
		{87B7E8EE-7C3B-450A-A319-18E2BA7D35D4}.Release|Any CPU.ActiveCfg = Release|Any CPU
		{87B7E8EE-7C3B-450A-A319-18E2BA7D35D4}.Release|Any CPU.Build.0 = Release|Any CPU
		{FFB65D93-8193-4DA7-820B-3CD4D1872ABA}.Debug|Any CPU.ActiveCfg = Debug|Any CPU
		{FFB65D93-8193-4DA7-820B-3CD4D1872ABA}.Debug|Any CPU.Build.0 = Debug|Any CPU
		{FFB65D93-8193-4DA7-820B-3CD4D1872ABA}.Release|Any CPU.ActiveCfg = Release|Any CPU
		{FFB65D93-8193-4DA7-820B-3CD4D1872ABA}.Release|Any CPU.Build.0 = Release|Any CPU
		{4D4361EC-F361-4E63-8CAF-6913EF42ED6D}.Debug|Any CPU.ActiveCfg = Debug|Any CPU
		{4D4361EC-F361-4E63-8CAF-6913EF42ED6D}.Debug|Any CPU.Build.0 = Debug|Any CPU
		{4D4361EC-F361-4E63-8CAF-6913EF42ED6D}.Release|Any CPU.ActiveCfg = Release|Any CPU
		{4D4361EC-F361-4E63-8CAF-6913EF42ED6D}.Release|Any CPU.Build.0 = Release|Any CPU
		{2DFEB5D5-A70E-4C43-B180-586FAA52E2DD}.Debug|Any CPU.ActiveCfg = Debug|Any CPU
		{2DFEB5D5-A70E-4C43-B180-586FAA52E2DD}.Debug|Any CPU.Build.0 = Debug|Any CPU
		{2DFEB5D5-A70E-4C43-B180-586FAA52E2DD}.Release|Any CPU.ActiveCfg = Release|Any CPU
		{2DFEB5D5-A70E-4C43-B180-586FAA52E2DD}.Release|Any CPU.Build.0 = Release|Any CPU
		{6ADD44D3-3B38-4D2F-BBFF-242E5F2E787C}.Debug|Any CPU.ActiveCfg = Debug|Any CPU
		{6ADD44D3-3B38-4D2F-BBFF-242E5F2E787C}.Debug|Any CPU.Build.0 = Debug|Any CPU
		{6ADD44D3-3B38-4D2F-BBFF-242E5F2E787C}.Release|Any CPU.ActiveCfg = Release|Any CPU
		{6ADD44D3-3B38-4D2F-BBFF-242E5F2E787C}.Release|Any CPU.Build.0 = Release|Any CPU
		{19AE3176-D15F-4A2B-AB49-1B9DE6EA3EE4}.Debug|Any CPU.ActiveCfg = Debug|Any CPU
		{19AE3176-D15F-4A2B-AB49-1B9DE6EA3EE4}.Debug|Any CPU.Build.0 = Debug|Any CPU
		{19AE3176-D15F-4A2B-AB49-1B9DE6EA3EE4}.Release|Any CPU.ActiveCfg = Release|Any CPU
		{19AE3176-D15F-4A2B-AB49-1B9DE6EA3EE4}.Release|Any CPU.Build.0 = Release|Any CPU
	EndGlobalSection
	GlobalSection(SolutionProperties) = preSolution
		HideSolutionNode = FALSE
	EndGlobalSection
	GlobalSection(ExtensibilityGlobals) = postSolution
		SolutionGuid = {7C197CA4-BEE6-43BC-8484-7D4107E734C4}
	EndGlobalSection
EndGlobal
